
Microsoft Visual Studio Solution File, Format Version 12.00
# Visual Studio Version 17
VisualStudioVersion = 17.14.36414.22
MinimumVisualStudioVersion = 10.0.40219.1
Project("{2150E333-8FDC-42A3-9474-1A3956D46DE8}") = "Task0", "Task0", "{02EA681E-C7D8-13C7-8484-4AC65E1B71E8}"
EndProject
Project("{FAE04EC0-301F-11D3-BF4B-00C04F79EFBC}") = "Tyuiu.MedvedevDP.Sprint3.Task0.V19", "Tyuiu.MedvedevDP.Sprint3.Task0.V19\Tyuiu.MedvedevDP.Sprint3.Task0.V19.csproj", "{8354CC53-241A-45B1-9F87-0F5102A9F52B}"
EndProject
Project("{FAE04EC0-301F-11D3-BF4B-00C04F79EFBC}") = "Tyuiu.MedvedevDP.Sprint3.Task0.V19.Test", "Tyuiu.MedvedevDP.Sprint3.Task0.V19.Test\Tyuiu.MedvedevDP.Sprint3.Task0.V19.Test.csproj", "{E10C73A2-C544-49B8-AF7D-A3CE4D62EBD0}"
EndProject
Project("{FAE04EC0-301F-11D3-BF4B-00C04F79EFBC}") = "Tyuiu.MedvedevDP.Sprint3.Task0.V19.Lib", "Tyuiu.MedvedevDP.Sprint3.Task0.V19.Lib\Tyuiu.MedvedevDP.Sprint3.Task0.V19.Lib.csproj", "{190D08F5-A49A-4A6A-9FAF-DEECF0E736ED}"
EndProject
Project("{2150E333-8FDC-42A3-9474-1A3956D46DE8}") = "Task1", "Task1", "{FC775A5E-7392-4EC7-B16D-437BF741B400}"
EndProject
Project("{FAE04EC0-301F-11D3-BF4B-00C04F79EFBC}") = "Tyuiu.MedvedevDP.Sprint3.Task1.V7", "Tyuiu.MedvedevDP.Sprint3.Task1.V7\Tyuiu.MedvedevDP.Sprint3.Task1.V7.csproj", "{99C62309-C9E7-4E22-8EC1-02E2C85673CE}"
EndProject
Project("{FAE04EC0-301F-11D3-BF4B-00C04F79EFBC}") = "Tyuiu.MedvedevDP.Sprint3.Task1.V7.Lib", "Tyuiu.MedvedevDP.Sprint3.Task1.V7.Lib\Tyuiu.MedvedevDP.Sprint3.Task1.V7.Lib.csproj", "{7BED378E-01AB-42AF-996C-815BB17D7512}"
EndProject
Project("{FAE04EC0-301F-11D3-BF4B-00C04F79EFBC}") = "Tyuiu.MedvedevDP.Sprint3.Task1.V7.Test", "Tyuiu.MedvedevDP.Sprint3.Task1.V7.Test\Tyuiu.MedvedevDP.Sprint3.Task1.V7.Test.csproj", "{0DDECFA6-441E-4B99-ABC4-E264084D96F7}"
EndProject
Project("{2150E333-8FDC-42A3-9474-1A3956D46DE8}") = "Task2", "Task2", "{7A852392-D295-47EE-B296-4BC2BC8185AD}"
EndProject
Project("{FAE04EC0-301F-11D3-BF4B-00C04F79EFBC}") = "Tyuiu.MedvedevDP.Sprint3.Task2.V1", "Tyuiu.MedvedevDP.Sprint3.Task2.V1\Tyuiu.MedvedevDP.Sprint3.Task2.V1.csproj", "{357E438A-7A87-484E-9BE4-A7305D6934E2}"
EndProject
Project("{FAE04EC0-301F-11D3-BF4B-00C04F79EFBC}") = "Tyuiu.MedvedevDP.Sprint3.Task2.V1.Test", "Tyuiu.MedvedevDP.Sprint3.Task2.V1.Test\Tyuiu.MedvedevDP.Sprint3.Task2.V1.Test.csproj", "{D60D77F9-061B-434D-9D82-D96C5FAA6B0A}"
EndProject
Project("{FAE04EC0-301F-11D3-BF4B-00C04F79EFBC}") = "Tyuiu.MedvedevDP.Sprint3.Task2.V1.Lib", "Tyuiu.MedvedevDP.Sprint3.Task2.V1.Lib\Tyuiu.MedvedevDP.Sprint3.Task2.V1.Lib.csproj", "{F2D4BC10-DF36-400D-9E6D-E0DDE5EE5280}"
EndProject
Project("{2150E333-8FDC-42A3-9474-1A3956D46DE8}") = "Task3", "Task3", "{0B5D3D08-25E8-4E3A-8C88-0874B4D0C3A8}"
EndProject
Project("{FAE04EC0-301F-11D3-BF4B-00C04F79EFBC}") = "Tyuiu.MedvedevDP.Sprint3.Task3.V22", "Tyuiu.MedvedevDP.Sprint3.Task3.V22\Tyuiu.MedvedevDP.Sprint3.Task3.V22.csproj", "{044BB143-D5B7-4ADB-9D11-6FFD5F1D285A}"
EndProject
Project("{FAE04EC0-301F-11D3-BF4B-00C04F79EFBC}") = "Tyuiu.MedvedevDP.Sprint3.Task3.V22.Test", "Tyuiu.MedvedevDP.Sprint3.Task3.V22.Test\Tyuiu.MedvedevDP.Sprint3.Task3.V22.Test.csproj", "{567A6F34-0F0A-49E8-8649-5E071EFB5184}"
EndProject
Project("{FAE04EC0-301F-11D3-BF4B-00C04F79EFBC}") = "Tyuiu.MedvedevDP.Sprint3.Task3.V22.Lib", "Tyuiu.MedvedevDP.Sprint3.Task3.V22.Lib\Tyuiu.MedvedevDP.Sprint3.Task3.V22.Lib.csproj", "{EE22A215-DDE6-483D-993D-61A9933257F5}"
EndProject
Project("{2150E333-8FDC-42A3-9474-1A3956D46DE8}") = "Task4", "Task4", "{7E542B55-CACD-43A4-8BBC-788C1C1AB305}"
EndProject
Project("{FAE04EC0-301F-11D3-BF4B-00C04F79EFBC}") = "Tyuiu.MedvedevDP.Sprint3.Task4.V6", "Tyuiu.MedvedevDP.Sprint3.Task4.V6\Tyuiu.MedvedevDP.Sprint3.Task4.V6.csproj", "{8AF9E9E0-50CC-49DD-B9C5-380D7BDDD148}"
EndProject
Project("{FAE04EC0-301F-11D3-BF4B-00C04F79EFBC}") = "Tyuiu.MedvedevDP.Sprint3.Task4.V6.Lib", "Tyuiu.MedvedevDP.Sprint3.Task4.V6.Lib\Tyuiu.MedvedevDP.Sprint3.Task4.V6.Lib.csproj", "{07780628-655D-4E56-A9CE-48B845F0444F}"
EndProject
Project("{FAE04EC0-301F-11D3-BF4B-00C04F79EFBC}") = "Tyuiu.MedvedevDP.Sprint3.Task4.V6.Test", "Tyuiu.MedvedevDP.Sprint3.Task4.V6.Test\Tyuiu.MedvedevDP.Sprint3.Task4.V6.Test.csproj", "{8357D72C-D47E-471F-BE02-9334ABD1CBE7}"
EndProject
Project("{2150E333-8FDC-42A3-9474-1A3956D46DE8}") = "Task5", "Task5", "{9D2A9AB4-5983-43DC-BC3B-C0375006F0F4}"
EndProject
Project("{FAE04EC0-301F-11D3-BF4B-00C04F79EFBC}") = "Tyuiu.MedvedevDP.Sprint3.Task5.V1", "Tyuiu.MedvedevDP.Sprint3.Task5.V1\Tyuiu.MedvedevDP.Sprint3.Task5.V1.csproj", "{48B3F7DE-8722-46B9-8B51-9C08A6E41BCC}"
EndProject
Project("{FAE04EC0-301F-11D3-BF4B-00C04F79EFBC}") = "Tyuiu.MedvedevDP.Sprint3.Task5.V1.Test", "Tyuiu.MedvedevDP.Sprint3.Task5.V1.Test\Tyuiu.MedvedevDP.Sprint3.Task5.V1.Test.csproj", "{F23E201F-D03B-491D-8CF7-14EC3F84520F}"
EndProject
Project("{FAE04EC0-301F-11D3-BF4B-00C04F79EFBC}") = "Tyuiu.MedvedevDP.Sprint3.Task5.V1.Lib", "Tyuiu.MedvedevDP.Sprint3.Task5.V1.Lib\Tyuiu.MedvedevDP.Sprint3.Task5.V1.Lib.csproj", "{85D575AB-FB5F-4DA6-80D7-336DF04AC190}"
EndProject
Project("{2150E333-8FDC-42A3-9474-1A3956D46DE8}") = "Task6", "Task6", "{EF6720C1-F120-4259-B20C-FD1B1E82AC23}"
EndProject
Project("{FAE04EC0-301F-11D3-BF4B-00C04F79EFBC}") = "Tyuiu.MedvedevDP.Sprint3.Task6.V20", "Tyuiu.MedvedevDP.Sprint3.Task6.V20\Tyuiu.MedvedevDP.Sprint3.Task6.V20.csproj", "{D4312D3C-57DC-4B8B-84D6-29D0C97B1F20}"
EndProject
Project("{FAE04EC0-301F-11D3-BF4B-00C04F79EFBC}") = "Tyuiu.MedvedevDP.Sprint3.Task6.V20.Lib", "Tyuiu.MedvedevDP.Sprint3.Task6.V20.Lib\Tyuiu.MedvedevDP.Sprint3.Task6.V20.Lib.csproj", "{4EA47DED-F1DB-47A2-82D6-0483A6C0F19F}"
EndProject
Project("{FAE04EC0-301F-11D3-BF4B-00C04F79EFBC}") = "Tyuiu.MedvedevDP.Sprint3.Task6.V20.Test", "Tyuiu.MedvedevDP.Sprint3.Task6.V20.Test\Tyuiu.MedvedevDP.Sprint3.Task6.V20.Test.csproj", "{B10AA26C-4754-4906-82EA-9C0AC5E7E396}"
EndProject
Global
	GlobalSection(SolutionConfigurationPlatforms) = preSolution
		Debug|Any CPU = Debug|Any CPU
		Release|Any CPU = Release|Any CPU
	EndGlobalSection
	GlobalSection(ProjectConfigurationPlatforms) = postSolution
		{8354CC53-241A-45B1-9F87-0F5102A9F52B}.Debug|Any CPU.ActiveCfg = Debug|Any CPU
		{8354CC53-241A-45B1-9F87-0F5102A9F52B}.Debug|Any CPU.Build.0 = Debug|Any CPU
		{8354CC53-241A-45B1-9F87-0F5102A9F52B}.Release|Any CPU.ActiveCfg = Release|Any CPU
		{8354CC53-241A-45B1-9F87-0F5102A9F52B}.Release|Any CPU.Build.0 = Release|Any CPU
		{E10C73A2-C544-49B8-AF7D-A3CE4D62EBD0}.Debug|Any CPU.ActiveCfg = Debug|Any CPU
		{E10C73A2-C544-49B8-AF7D-A3CE4D62EBD0}.Debug|Any CPU.Build.0 = Debug|Any CPU
		{E10C73A2-C544-49B8-AF7D-A3CE4D62EBD0}.Release|Any CPU.ActiveCfg = Release|Any CPU
		{E10C73A2-C544-49B8-AF7D-A3CE4D62EBD0}.Release|Any CPU.Build.0 = Release|Any CPU
		{190D08F5-A49A-4A6A-9FAF-DEECF0E736ED}.Debug|Any CPU.ActiveCfg = Debug|Any CPU
		{190D08F5-A49A-4A6A-9FAF-DEECF0E736ED}.Debug|Any CPU.Build.0 = Debug|Any CPU
		{190D08F5-A49A-4A6A-9FAF-DEECF0E736ED}.Release|Any CPU.ActiveCfg = Release|Any CPU
		{190D08F5-A49A-4A6A-9FAF-DEECF0E736ED}.Release|Any CPU.Build.0 = Release|Any CPU
		{99C62309-C9E7-4E22-8EC1-02E2C85673CE}.Debug|Any CPU.ActiveCfg = Debug|Any CPU
		{99C62309-C9E7-4E22-8EC1-02E2C85673CE}.Debug|Any CPU.Build.0 = Debug|Any CPU
		{99C62309-C9E7-4E22-8EC1-02E2C85673CE}.Release|Any CPU.ActiveCfg = Release|Any CPU
		{99C62309-C9E7-4E22-8EC1-02E2C85673CE}.Release|Any CPU.Build.0 = Release|Any CPU
		{7BED378E-01AB-42AF-996C-815BB17D7512}.Debug|Any CPU.ActiveCfg = Debug|Any CPU
		{7BED378E-01AB-42AF-996C-815BB17D7512}.Debug|Any CPU.Build.0 = Debug|Any CPU
		{7BED378E-01AB-42AF-996C-815BB17D7512}.Release|Any CPU.ActiveCfg = Release|Any CPU
		{7BED378E-01AB-42AF-996C-815BB17D7512}.Release|Any CPU.Build.0 = Release|Any CPU
		{0DDECFA6-441E-4B99-ABC4-E264084D96F7}.Debug|Any CPU.ActiveCfg = Debug|Any CPU
		{0DDECFA6-441E-4B99-ABC4-E264084D96F7}.Debug|Any CPU.Build.0 = Debug|Any CPU
		{0DDECFA6-441E-4B99-ABC4-E264084D96F7}.Release|Any CPU.ActiveCfg = Release|Any CPU
		{0DDECFA6-441E-4B99-ABC4-E264084D96F7}.Release|Any CPU.Build.0 = Release|Any CPU
		{357E438A-7A87-484E-9BE4-A7305D6934E2}.Debug|Any CPU.ActiveCfg = Debug|Any CPU
		{357E438A-7A87-484E-9BE4-A7305D6934E2}.Debug|Any CPU.Build.0 = Debug|Any CPU
		{357E438A-7A87-484E-9BE4-A7305D6934E2}.Release|Any CPU.ActiveCfg = Release|Any CPU
		{357E438A-7A87-484E-9BE4-A7305D6934E2}.Release|Any CPU.Build.0 = Release|Any CPU
		{D60D77F9-061B-434D-9D82-D96C5FAA6B0A}.Debug|Any CPU.ActiveCfg = Debug|Any CPU
		{D60D77F9-061B-434D-9D82-D96C5FAA6B0A}.Debug|Any CPU.Build.0 = Debug|Any CPU
		{D60D77F9-061B-434D-9D82-D96C5FAA6B0A}.Release|Any CPU.ActiveCfg = Release|Any CPU
		{D60D77F9-061B-434D-9D82-D96C5FAA6B0A}.Release|Any CPU.Build.0 = Release|Any CPU
		{F2D4BC10-DF36-400D-9E6D-E0DDE5EE5280}.Debug|Any CPU.ActiveCfg = Debug|Any CPU
		{F2D4BC10-DF36-400D-9E6D-E0DDE5EE5280}.Debug|Any CPU.Build.0 = Debug|Any CPU
		{F2D4BC10-DF36-400D-9E6D-E0DDE5EE5280}.Release|Any CPU.ActiveCfg = Release|Any CPU
		{F2D4BC10-DF36-400D-9E6D-E0DDE5EE5280}.Release|Any CPU.Build.0 = Release|Any CPU
		{044BB143-D5B7-4ADB-9D11-6FFD5F1D285A}.Debug|Any CPU.ActiveCfg = Debug|Any CPU
		{044BB143-D5B7-4ADB-9D11-6FFD5F1D285A}.Debug|Any CPU.Build.0 = Debug|Any CPU
		{044BB143-D5B7-4ADB-9D11-6FFD5F1D285A}.Release|Any CPU.ActiveCfg = Release|Any CPU
		{044BB143-D5B7-4ADB-9D11-6FFD5F1D285A}.Release|Any CPU.Build.0 = Release|Any CPU
		{567A6F34-0F0A-49E8-8649-5E071EFB5184}.Debug|Any CPU.ActiveCfg = Debug|Any CPU
		{567A6F34-0F0A-49E8-8649-5E071EFB5184}.Debug|Any CPU.Build.0 = Debug|Any CPU
		{567A6F34-0F0A-49E8-8649-5E071EFB5184}.Release|Any CPU.ActiveCfg = Release|Any CPU
		{567A6F34-0F0A-49E8-8649-5E071EFB5184}.Release|Any CPU.Build.0 = Release|Any CPU
		{EE22A215-DDE6-483D-993D-61A9933257F5}.Debug|Any CPU.ActiveCfg = Debug|Any CPU
		{EE22A215-DDE6-483D-993D-61A9933257F5}.Debug|Any CPU.Build.0 = Debug|Any CPU
		{EE22A215-DDE6-483D-993D-61A9933257F5}.Release|Any CPU.ActiveCfg = Release|Any CPU
		{EE22A215-DDE6-483D-993D-61A9933257F5}.Release|Any CPU.Build.0 = Release|Any CPU
		{8AF9E9E0-50CC-49DD-B9C5-380D7BDDD148}.Debug|Any CPU.ActiveCfg = Debug|Any CPU
		{8AF9E9E0-50CC-49DD-B9C5-380D7BDDD148}.Debug|Any CPU.Build.0 = Debug|Any CPU
		{8AF9E9E0-50CC-49DD-B9C5-380D7BDDD148}.Release|Any CPU.ActiveCfg = Release|Any CPU
		{8AF9E9E0-50CC-49DD-B9C5-380D7BDDD148}.Release|Any CPU.Build.0 = Release|Any CPU
		{07780628-655D-4E56-A9CE-48B845F0444F}.Debug|Any CPU.ActiveCfg = Debug|Any CPU
		{07780628-655D-4E56-A9CE-48B845F0444F}.Debug|Any CPU.Build.0 = Debug|Any CPU
		{07780628-655D-4E56-A9CE-48B845F0444F}.Release|Any CPU.ActiveCfg = Release|Any CPU
		{07780628-655D-4E56-A9CE-48B845F0444F}.Release|Any CPU.Build.0 = Release|Any CPU
		{8357D72C-D47E-471F-BE02-9334ABD1CBE7}.Debug|Any CPU.ActiveCfg = Debug|Any CPU
		{8357D72C-D47E-471F-BE02-9334ABD1CBE7}.Debug|Any CPU.Build.0 = Debug|Any CPU
		{8357D72C-D47E-471F-BE02-9334ABD1CBE7}.Release|Any CPU.ActiveCfg = Release|Any CPU
		{8357D72C-D47E-471F-BE02-9334ABD1CBE7}.Release|Any CPU.Build.0 = Release|Any CPU
		{48B3F7DE-8722-46B9-8B51-9C08A6E41BCC}.Debug|Any CPU.ActiveCfg = Debug|Any CPU
		{48B3F7DE-8722-46B9-8B51-9C08A6E41BCC}.Debug|Any CPU.Build.0 = Debug|Any CPU
		{48B3F7DE-8722-46B9-8B51-9C08A6E41BCC}.Release|Any CPU.ActiveCfg = Release|Any CPU
		{48B3F7DE-8722-46B9-8B51-9C08A6E41BCC}.Release|Any CPU.Build.0 = Release|Any CPU
		{F23E201F-D03B-491D-8CF7-14EC3F84520F}.Debug|Any CPU.ActiveCfg = Debug|Any CPU
		{F23E201F-D03B-491D-8CF7-14EC3F84520F}.Debug|Any CPU.Build.0 = Debug|Any CPU
		{F23E201F-D03B-491D-8CF7-14EC3F84520F}.Release|Any CPU.ActiveCfg = Release|Any CPU
		{F23E201F-D03B-491D-8CF7-14EC3F84520F}.Release|Any CPU.Build.0 = Release|Any CPU
		{85D575AB-FB5F-4DA6-80D7-336DF04AC190}.Debug|Any CPU.ActiveCfg = Debug|Any CPU
		{85D575AB-FB5F-4DA6-80D7-336DF04AC190}.Debug|Any CPU.Build.0 = Debug|Any CPU
		{85D575AB-FB5F-4DA6-80D7-336DF04AC190}.Release|Any CPU.ActiveCfg = Release|Any CPU
		{85D575AB-FB5F-4DA6-80D7-336DF04AC190}.Release|Any CPU.Build.0 = Release|Any CPU
		{D4312D3C-57DC-4B8B-84D6-29D0C97B1F20}.Debug|Any CPU.ActiveCfg = Debug|Any CPU
		{D4312D3C-57DC-4B8B-84D6-29D0C97B1F20}.Debug|Any CPU.Build.0 = Debug|Any CPU
		{D4312D3C-57DC-4B8B-84D6-29D0C97B1F20}.Release|Any CPU.ActiveCfg = Release|Any CPU
		{D4312D3C-57DC-4B8B-84D6-29D0C97B1F20}.Release|Any CPU.Build.0 = Release|Any CPU
		{4EA47DED-F1DB-47A2-82D6-0483A6C0F19F}.Debug|Any CPU.ActiveCfg = Debug|Any CPU
		{4EA47DED-F1DB-47A2-82D6-0483A6C0F19F}.Debug|Any CPU.Build.0 = Debug|Any CPU
		{4EA47DED-F1DB-47A2-82D6-0483A6C0F19F}.Release|Any CPU.ActiveCfg = Release|Any CPU
		{4EA47DED-F1DB-47A2-82D6-0483A6C0F19F}.Release|Any CPU.Build.0 = Release|Any CPU
		{B10AA26C-4754-4906-82EA-9C0AC5E7E396}.Debug|Any CPU.ActiveCfg = Debug|Any CPU
		{B10AA26C-4754-4906-82EA-9C0AC5E7E396}.Debug|Any CPU.Build.0 = Debug|Any CPU
		{B10AA26C-4754-4906-82EA-9C0AC5E7E396}.Release|Any CPU.ActiveCfg = Release|Any CPU
		{B10AA26C-4754-4906-82EA-9C0AC5E7E396}.Release|Any CPU.Build.0 = Release|Any CPU
	EndGlobalSection
	GlobalSection(SolutionProperties) = preSolution
		HideSolutionNode = FALSE
	EndGlobalSection
	GlobalSection(NestedProjects) = preSolution
		{8354CC53-241A-45B1-9F87-0F5102A9F52B} = {02EA681E-C7D8-13C7-8484-4AC65E1B71E8}
		{E10C73A2-C544-49B8-AF7D-A3CE4D62EBD0} = {02EA681E-C7D8-13C7-8484-4AC65E1B71E8}
		{190D08F5-A49A-4A6A-9FAF-DEECF0E736ED} = {02EA681E-C7D8-13C7-8484-4AC65E1B71E8}
		{99C62309-C9E7-4E22-8EC1-02E2C85673CE} = {FC775A5E-7392-4EC7-B16D-437BF741B400}
		{7BED378E-01AB-42AF-996C-815BB17D7512} = {FC775A5E-7392-4EC7-B16D-437BF741B400}
		{0DDECFA6-441E-4B99-ABC4-E264084D96F7} = {FC775A5E-7392-4EC7-B16D-437BF741B400}
		{357E438A-7A87-484E-9BE4-A7305D6934E2} = {7A852392-D295-47EE-B296-4BC2BC8185AD}
		{D60D77F9-061B-434D-9D82-D96C5FAA6B0A} = {7A852392-D295-47EE-B296-4BC2BC8185AD}
		{F2D4BC10-DF36-400D-9E6D-E0DDE5EE5280} = {7A852392-D295-47EE-B296-4BC2BC8185AD}
		{044BB143-D5B7-4ADB-9D11-6FFD5F1D285A} = {0B5D3D08-25E8-4E3A-8C88-0874B4D0C3A8}
		{567A6F34-0F0A-49E8-8649-5E071EFB5184} = {0B5D3D08-25E8-4E3A-8C88-0874B4D0C3A8}
		{EE22A215-DDE6-483D-993D-61A9933257F5} = {0B5D3D08-25E8-4E3A-8C88-0874B4D0C3A8}
		{8AF9E9E0-50CC-49DD-B9C5-380D7BDDD148} = {7E542B55-CACD-43A4-8BBC-788C1C1AB305}
		{07780628-655D-4E56-A9CE-48B845F0444F} = {7E542B55-CACD-43A4-8BBC-788C1C1AB305}
		{8357D72C-D47E-471F-BE02-9334ABD1CBE7} = {7E542B55-CACD-43A4-8BBC-788C1C1AB305}
		{48B3F7DE-8722-46B9-8B51-9C08A6E41BCC} = {9D2A9AB4-5983-43DC-BC3B-C0375006F0F4}
		{F23E201F-D03B-491D-8CF7-14EC3F84520F} = {9D2A9AB4-5983-43DC-BC3B-C0375006F0F4}
		{85D575AB-FB5F-4DA6-80D7-336DF04AC190} = {9D2A9AB4-5983-43DC-BC3B-C0375006F0F4}
		{D4312D3C-57DC-4B8B-84D6-29D0C97B1F20} = {EF6720C1-F120-4259-B20C-FD1B1E82AC23}
		{4EA47DED-F1DB-47A2-82D6-0483A6C0F19F} = {EF6720C1-F120-4259-B20C-FD1B1E82AC23}
		{B10AA26C-4754-4906-82EA-9C0AC5E7E396} = {EF6720C1-F120-4259-B20C-FD1B1E82AC23}
	EndGlobalSection
	GlobalSection(ExtensibilityGlobals) = postSolution
		SolutionGuid = {3040E2E1-2886-455B-9F84-0BB118F971AB}
	EndGlobalSection
EndGlobal
