
Microsoft Visual Studio Solution File, Format Version 12.00
# Visual Studio Version 17
VisualStudioVersion = 17.14.36414.22
MinimumVisualStudioVersion = 10.0.40219.1
Project("{2150E333-8FDC-42A3-9474-1A3956D46DE8}") = "Task0", "Task0", "{02EA681E-C7D8-13C7-8484-4AC65E1B71E8}"
EndProject
Project("{FAE04EC0-301F-11D3-BF4B-00C04F79EFBC}") = "Tyuiu.MedvedevDP.Sprint3.Task0.V19", "Tyuiu.MedvedevDP.Sprint3.Task0.V19\Tyuiu.MedvedevDP.Sprint3.Task0.V19.csproj", "{8354CC53-241A-45B1-9F87-0F5102A9F52B}"
EndProject
Project("{FAE04EC0-301F-11D3-BF4B-00C04F79EFBC}") = "Tyuiu.MedvedevDP.Sprint3.Task0.V19.Test", "Tyuiu.MedvedevDP.Sprint3.Task0.V19.Test\Tyuiu.MedvedevDP.Sprint3.Task0.V19.Test.csproj", "{E10C73A2-C544-49B8-AF7D-A3CE4D62EBD0}"
EndProject
Project("{FAE04EC0-301F-11D3-BF4B-00C04F79EFBC}") = "Tyuiu.MedvedevDP.Sprint3.Task0.V19.Lib", "Tyuiu.MedvedevDP.Sprint3.Task0.V19.Lib\Tyuiu.MedvedevDP.Sprint3.Task0.V19.Lib.csproj", "{190D08F5-A49A-4A6A-9FAF-DEECF0E736ED}"
EndProject
Project("{2150E333-8FDC-42A3-9474-1A3956D46DE8}") = "Task1", "Task1", "{FC775A5E-7392-4EC7-B16D-437BF741B400}"
EndProject
Project("{FAE04EC0-301F-11D3-BF4B-00C04F79EFBC}") = "Tyuiu.MedvedevDP.Sprint3.Task1.V7", "Tyuiu.MedvedevDP.Sprint3.Task1.V7\Tyuiu.MedvedevDP.Sprint3.Task1.V7.csproj", "{99C62309-C9E7-4E22-8EC1-02E2C85673CE}"
EndProject
Project("{FAE04EC0-301F-11D3-BF4B-00C04F79EFBC}") = "Tyuiu.MedvedevDP.Sprint3.Task1.V7.Lib", "Tyuiu.MedvedevDP.Sprint3.Task1.V7.Lib\Tyuiu.MedvedevDP.Sprint3.Task1.V7.Lib.csproj", "{7BED378E-01AB-42AF-996C-815BB17D7512}"
EndProject
Project("{FAE04EC0-301F-11D3-BF4B-00C04F79EFBC}") = "Tyuiu.MedvedevDP.Sprint3.Task1.V7.Test", "Tyuiu.MedvedevDP.Sprint3.Task1.V7.Test\Tyuiu.MedvedevDP.Sprint3.Task1.V7.Test.csproj", "{0DDECFA6-441E-4B99-ABC4-E264084D96F7}"
EndProject
Project("{2150E333-8FDC-42A3-9474-1A3956D46DE8}") = "Task2", "Task2", "{7A852392-D295-47EE-B296-4BC2BC8185AD}"
EndProject
Project("{FAE04EC0-301F-11D3-BF4B-00C04F79EFBC}") = "Tyuiu.MedvedevDP.Sprint3.Task2.V1", "Tyuiu.MedvedevDP.Sprint3.Task2.V1\Tyuiu.MedvedevDP.Sprint3.Task2.V1.csproj", "{357E438A-7A87-484E-9BE4-A7305D6934E2}"
EndProject
Project("{FAE04EC0-301F-11D3-BF4B-00C04F79EFBC}") = "Tyuiu.MedvedevDP.Sprint3.Task2.V1.Test", "Tyuiu.MedvedevDP.Sprint3.Task2.V1.Test\Tyuiu.MedvedevDP.Sprint3.Task2.V1.Test.csproj", "{D60D77F9-061B-434D-9D82-D96C5FAA6B0A}"
EndProject
Project("{FAE04EC0-301F-11D3-BF4B-00C04F79EFBC}") = "Tyuiu.MedvedevDP.Sprint3.Task2.V1.Lib", "Tyuiu.MedvedevDP.Sprint3.Task2.V1.Lib\Tyuiu.MedvedevDP.Sprint3.Task2.V1.Lib.csproj", "{F2D4BC10-DF36-400D-9E6D-E0DDE5EE5280}"
EndProject
Global
	GlobalSection(SolutionConfigurationPlatforms) = preSolution
		Debug|Any CPU = Debug|Any CPU
		Release|Any CPU = Release|Any CPU
	EndGlobalSection
	GlobalSection(ProjectConfigurationPlatforms) = postSolution
		{8354CC53-241A-45B1-9F87-0F5102A9F52B}.Debug|Any CPU.ActiveCfg = Debug|Any CPU
		{8354CC53-241A-45B1-9F87-0F5102A9F52B}.Debug|Any CPU.Build.0 = Debug|Any CPU
		{8354CC53-241A-45B1-9F87-0F5102A9F52B}.Release|Any CPU.ActiveCfg = Release|Any CPU
		{8354CC53-241A-45B1-9F87-0F5102A9F52B}.Release|Any CPU.Build.0 = Release|Any CPU
		{E10C73A2-C544-49B8-AF7D-A3CE4D62EBD0}.Debug|Any CPU.ActiveCfg = Debug|Any CPU
		{E10C73A2-C544-49B8-AF7D-A3CE4D62EBD0}.Debug|Any CPU.Build.0 = Debug|Any CPU
		{E10C73A2-C544-49B8-AF7D-A3CE4D62EBD0}.Release|Any CPU.ActiveCfg = Release|Any CPU
		{E10C73A2-C544-49B8-AF7D-A3CE4D62EBD0}.Release|Any CPU.Build.0 = Release|Any CPU
		{190D08F5-A49A-4A6A-9FAF-DEECF0E736ED}.Debug|Any CPU.ActiveCfg = Debug|Any CPU
		{190D08F5-A49A-4A6A-9FAF-DEECF0E736ED}.Debug|Any CPU.Build.0 = Debug|Any CPU
		{190D08F5-A49A-4A6A-9FAF-DEECF0E736ED}.Release|Any CPU.ActiveCfg = Release|Any CPU
		{190D08F5-A49A-4A6A-9FAF-DEECF0E736ED}.Release|Any CPU.Build.0 = Release|Any CPU
		{99C62309-C9E7-4E22-8EC1-02E2C85673CE}.Debug|Any CPU.ActiveCfg = Debug|Any CPU
		{99C62309-C9E7-4E22-8EC1-02E2C85673CE}.Debug|Any CPU.Build.0 = Debug|Any CPU
		{99C62309-C9E7-4E22-8EC1-02E2C85673CE}.Release|Any CPU.ActiveCfg = Release|Any CPU
		{99C62309-C9E7-4E22-8EC1-02E2C85673CE}.Release|Any CPU.Build.0 = Release|Any CPU
		{7BED378E-01AB-42AF-996C-815BB17D7512}.Debug|Any CPU.ActiveCfg = Debug|Any CPU
		{7BED378E-01AB-42AF-996C-815BB17D7512}.Debug|Any CPU.Build.0 = Debug|Any CPU
		{7BED378E-01AB-42AF-996C-815BB17D7512}.Release|Any CPU.ActiveCfg = Release|Any CPU
		{7BED378E-01AB-42AF-996C-815BB17D7512}.Release|Any CPU.Build.0 = Release|Any CPU
		{0DDECFA6-441E-4B99-ABC4-E264084D96F7}.Debug|Any CPU.ActiveCfg = Debug|Any CPU
		{0DDECFA6-441E-4B99-ABC4-E264084D96F7}.Debug|Any CPU.Build.0 = Debug|Any CPU
		{0DDECFA6-441E-4B99-ABC4-E264084D96F7}.Release|Any CPU.ActiveCfg = Release|Any CPU
		{0DDECFA6-441E-4B99-ABC4-E264084D96F7}.Release|Any CPU.Build.0 = Release|Any CPU
		{357E438A-7A87-484E-9BE4-A7305D6934E2}.Debug|Any CPU.ActiveCfg = Debug|Any CPU
		{357E438A-7A87-484E-9BE4-A7305D6934E2}.Debug|Any CPU.Build.0 = Debug|Any CPU
		{357E438A-7A87-484E-9BE4-A7305D6934E2}.Release|Any CPU.ActiveCfg = Release|Any CPU
		{357E438A-7A87-484E-9BE4-A7305D6934E2}.Release|Any CPU.Build.0 = Release|Any CPU
		{D60D77F9-061B-434D-9D82-D96C5FAA6B0A}.Debug|Any CPU.ActiveCfg = Debug|Any CPU
		{D60D77F9-061B-434D-9D82-D96C5FAA6B0A}.Debug|Any CPU.Build.0 = Debug|Any CPU
		{D60D77F9-061B-434D-9D82-D96C5FAA6B0A}.Release|Any CPU.ActiveCfg = Release|Any CPU
		{D60D77F9-061B-434D-9D82-D96C5FAA6B0A}.Release|Any CPU.Build.0 = Release|Any CPU
		{F2D4BC10-DF36-400D-9E6D-E0DDE5EE5280}.Debug|Any CPU.ActiveCfg = Debug|Any CPU
		{F2D4BC10-DF36-400D-9E6D-E0DDE5EE5280}.Debug|Any CPU.Build.0 = Debug|Any CPU
		{F2D4BC10-DF36-400D-9E6D-E0DDE5EE5280}.Release|Any CPU.ActiveCfg = Release|Any CPU
		{F2D4BC10-DF36-400D-9E6D-E0DDE5EE5280}.Release|Any CPU.Build.0 = Release|Any CPU
	EndGlobalSection
	GlobalSection(SolutionProperties) = preSolution
		HideSolutionNode = FALSE
	EndGlobalSection
	GlobalSection(NestedProjects) = preSolution
		{8354CC53-241A-45B1-9F87-0F5102A9F52B} = {02EA681E-C7D8-13C7-8484-4AC65E1B71E8}
		{E10C73A2-C544-49B8-AF7D-A3CE4D62EBD0} = {02EA681E-C7D8-13C7-8484-4AC65E1B71E8}
		{190D08F5-A49A-4A6A-9FAF-DEECF0E736ED} = {02EA681E-C7D8-13C7-8484-4AC65E1B71E8}
		{99C62309-C9E7-4E22-8EC1-02E2C85673CE} = {FC775A5E-7392-4EC7-B16D-437BF741B400}
		{7BED378E-01AB-42AF-996C-815BB17D7512} = {FC775A5E-7392-4EC7-B16D-437BF741B400}
		{0DDECFA6-441E-4B99-ABC4-E264084D96F7} = {FC775A5E-7392-4EC7-B16D-437BF741B400}
		{357E438A-7A87-484E-9BE4-A7305D6934E2} = {7A852392-D295-47EE-B296-4BC2BC8185AD}
		{D60D77F9-061B-434D-9D82-D96C5FAA6B0A} = {7A852392-D295-47EE-B296-4BC2BC8185AD}
		{F2D4BC10-DF36-400D-9E6D-E0DDE5EE5280} = {7A852392-D295-47EE-B296-4BC2BC8185AD}
	EndGlobalSection
	GlobalSection(ExtensibilityGlobals) = postSolution
		SolutionGuid = {3040E2E1-2886-455B-9F84-0BB118F971AB}
	EndGlobalSection
EndGlobal
